
Microsoft Visual Studio Solution File, Format Version 12.00
# Visual Studio 15
VisualStudioVersion = 15.0.28307.136
MinimumVisualStudioVersion = 10.0.40219.1
Project("{FAE04EC0-301F-11D3-BF4B-00C04F79EFBC}") = "TicketHold", "TicketHold\TicketHold.csproj", "{F1DFE12D-7B33-4D11-B574-700C2736174F}"
EndProject
Project("{FAE04EC0-301F-11D3-BF4B-00C04F79EFBC}") = "TicketHold.Console", "TicketHold.Console\TicketHold.Console.csproj", "{6101AF6F-084A-4133-A41E-F0D9E2FD65C3}"
EndProject
Project("{FAE04EC0-301F-11D3-BF4B-00C04F79EFBC}") = "TicketHold.Core", "TicketHold.Core\TicketHold.Core.csproj", "{3344E210-F2BE-426A-B1E4-C91519BCBB93}"
EndProject
Project("{FAE04EC0-301F-11D3-BF4B-00C04F79EFBC}") = "TicketHold.Tests", "TicketHold.Tests\TicketHold.Tests.csproj", "{CEF91520-ABAA-4C35-8135-862F3ABB4721}"
EndProject
Global
	GlobalSection(SolutionConfigurationPlatforms) = preSolution
		Debug|Any CPU = Debug|Any CPU
		Release|Any CPU = Release|Any CPU
	EndGlobalSection
	GlobalSection(ProjectConfigurationPlatforms) = postSolution
		{F1DFE12D-7B33-4D11-B574-700C2736174F}.Debug|Any CPU.ActiveCfg = Debug|Any CPU
		{F1DFE12D-7B33-4D11-B574-700C2736174F}.Debug|Any CPU.Build.0 = Debug|Any CPU
		{F1DFE12D-7B33-4D11-B574-700C2736174F}.Release|Any CPU.ActiveCfg = Release|Any CPU
		{F1DFE12D-7B33-4D11-B574-700C2736174F}.Release|Any CPU.Build.0 = Release|Any CPU
		{6101AF6F-084A-4133-A41E-F0D9E2FD65C3}.Debug|Any CPU.ActiveCfg = Debug|Any CPU
		{6101AF6F-084A-4133-A41E-F0D9E2FD65C3}.Debug|Any CPU.Build.0 = Debug|Any CPU
		{6101AF6F-084A-4133-A41E-F0D9E2FD65C3}.Release|Any CPU.ActiveCfg = Release|Any CPU
		{6101AF6F-084A-4133-A41E-F0D9E2FD65C3}.Release|Any CPU.Build.0 = Release|Any CPU
		{3344E210-F2BE-426A-B1E4-C91519BCBB93}.Debug|Any CPU.ActiveCfg = Debug|Any CPU
		{3344E210-F2BE-426A-B1E4-C91519BCBB93}.Debug|Any CPU.Build.0 = Debug|Any CPU
		{3344E210-F2BE-426A-B1E4-C91519BCBB93}.Release|Any CPU.ActiveCfg = Release|Any CPU
		{3344E210-F2BE-426A-B1E4-C91519BCBB93}.Release|Any CPU.Build.0 = Release|Any CPU
		{CEF91520-ABAA-4C35-8135-862F3ABB4721}.Debug|Any CPU.ActiveCfg = Debug|Any CPU
		{CEF91520-ABAA-4C35-8135-862F3ABB4721}.Debug|Any CPU.Build.0 = Debug|Any CPU
		{CEF91520-ABAA-4C35-8135-862F3ABB4721}.Release|Any CPU.ActiveCfg = Release|Any CPU
		{CEF91520-ABAA-4C35-8135-862F3ABB4721}.Release|Any CPU.Build.0 = Release|Any CPU
	EndGlobalSection
	GlobalSection(SolutionProperties) = preSolution
		HideSolutionNode = FALSE
	EndGlobalSection
	GlobalSection(ExtensibilityGlobals) = postSolution
		SolutionGuid = {1F99E4AE-5664-4C92-BC2C-82852458396E}
	EndGlobalSection
EndGlobal
